
Microsoft Visual Studio Solution File, Format Version 12.00
# Visual Studio Version 17
VisualStudioVersion = 17.14.36408.4 d17.14
MinimumVisualStudioVersion = 10.0.40219.1
Project("{FAE04EC0-301F-11D3-BF4B-00C04F79EFBC}") = "Mayank.Noventiq.UserAPI", "Mayank.Noventiq.UserAPI\Mayank.Noventiq.UserAPI.csproj", "{29E6530D-B6BE-FB77-D7D5-9B31E937731F}"
EndProject
Global
	GlobalSection(SolutionConfigurationPlatforms) = preSolution
		Debug|Any CPU = Debug|Any CPU
		Release|Any CPU = Release|Any CPU
	EndGlobalSection
	GlobalSection(ProjectConfigurationPlatforms) = postSolution
		{29E6530D-B6BE-FB77-D7D5-9B31E937731F}.Debug|Any CPU.ActiveCfg = Debug|Any CPU
		{29E6530D-B6BE-FB77-D7D5-9B31E937731F}.Debug|Any CPU.Build.0 = Debug|Any CPU
		{29E6530D-B6BE-FB77-D7D5-9B31E937731F}.Release|Any CPU.ActiveCfg = Release|Any CPU
		{29E6530D-B6BE-FB77-D7D5-9B31E937731F}.Release|Any CPU.Build.0 = Release|Any CPU
	EndGlobalSection
	GlobalSection(SolutionProperties) = preSolution
		HideSolutionNode = FALSE
	EndGlobalSection
	GlobalSection(ExtensibilityGlobals) = postSolution
		SolutionGuid = {4636AD69-98FB-4672-9A5F-9B9332715EC8}
	EndGlobalSection
EndGlobal
